
Microsoft Visual Studio Solution File, Format Version 12.00
# Visual Studio Version 17
VisualStudioVersion = 17.3.32811.315
MinimumVisualStudioVersion = 10.0.40219.1
Project("{FAE04EC0-301F-11D3-BF4B-00C04F79EFBC}") = "Lista6PR2", "Lista6PR2\Lista6PR2.csproj", "{8956946C-CF9B-43CE-A0C7-262302746702}"
EndProject
Global
	GlobalSection(SolutionConfigurationPlatforms) = preSolution
		Debug|Any CPU = Debug|Any CPU
		Release|Any CPU = Release|Any CPU
	EndGlobalSection
	GlobalSection(ProjectConfigurationPlatforms) = postSolution
		{8956946C-CF9B-43CE-A0C7-262302746702}.Debug|Any CPU.ActiveCfg = Debug|Any CPU
		{8956946C-CF9B-43CE-A0C7-262302746702}.Debug|Any CPU.Build.0 = Debug|Any CPU
		{8956946C-CF9B-43CE-A0C7-262302746702}.Release|Any CPU.ActiveCfg = Release|Any CPU
		{8956946C-CF9B-43CE-A0C7-262302746702}.Release|Any CPU.Build.0 = Release|Any CPU
	EndGlobalSection
	GlobalSection(SolutionProperties) = preSolution
		HideSolutionNode = FALSE
	EndGlobalSection
	GlobalSection(ExtensibilityGlobals) = postSolution
		SolutionGuid = {1F8FFE6D-09D8-4E12-805A-B0D77525E944}
	EndGlobalSection
EndGlobal
